
Microsoft Visual Studio Solution File, Format Version 12.00
# Visual Studio 15
VisualStudioVersion = 15.0.28010.2046
MinimumVisualStudioVersion = 10.0.40219.1
Project("{8BC9CEB8-8B4A-11D0-8D11-00A0C91BC942}") = "Math_task", "Math_task\Math_task.vcxproj", "{A922F25B-A7A1-4B07-B123-7B271DA27ED8}"
EndProject
Project("{8BC9CEB8-8B4A-11D0-8D11-00A0C91BC942}") = "Math_task_cpp", "Math_task_cpp\Math_task_cpp.vcxproj", "{E978C67A-29B2-46CE-915E-6049F7A4327A}"
EndProject
Global
	GlobalSection(SolutionConfigurationPlatforms) = preSolution
		Debug|x64 = Debug|x64
		Debug|x86 = Debug|x86
		Release|x64 = Release|x64
		Release|x86 = Release|x86
	EndGlobalSection
	GlobalSection(ProjectConfigurationPlatforms) = postSolution
		{A922F25B-A7A1-4B07-B123-7B271DA27ED8}.Debug|x64.ActiveCfg = Debug|x64
		{A922F25B-A7A1-4B07-B123-7B271DA27ED8}.Debug|x64.Build.0 = Debug|x64
		{A922F25B-A7A1-4B07-B123-7B271DA27ED8}.Debug|x86.ActiveCfg = Debug|Win32
		{A922F25B-A7A1-4B07-B123-7B271DA27ED8}.Debug|x86.Build.0 = Debug|Win32
		{A922F25B-A7A1-4B07-B123-7B271DA27ED8}.Release|x64.ActiveCfg = Release|x64
		{A922F25B-A7A1-4B07-B123-7B271DA27ED8}.Release|x64.Build.0 = Release|x64
		{A922F25B-A7A1-4B07-B123-7B271DA27ED8}.Release|x86.ActiveCfg = Release|Win32
		{A922F25B-A7A1-4B07-B123-7B271DA27ED8}.Release|x86.Build.0 = Release|Win32
		{E978C67A-29B2-46CE-915E-6049F7A4327A}.Debug|x64.ActiveCfg = Debug|x64
		{E978C67A-29B2-46CE-915E-6049F7A4327A}.Debug|x64.Build.0 = Debug|x64
		{E978C67A-29B2-46CE-915E-6049F7A4327A}.Debug|x86.ActiveCfg = Debug|Win32
		{E978C67A-29B2-46CE-915E-6049F7A4327A}.Debug|x86.Build.0 = Debug|Win32
		{E978C67A-29B2-46CE-915E-6049F7A4327A}.Release|x64.ActiveCfg = Release|x64
		{E978C67A-29B2-46CE-915E-6049F7A4327A}.Release|x64.Build.0 = Release|x64
		{E978C67A-29B2-46CE-915E-6049F7A4327A}.Release|x86.ActiveCfg = Release|Win32
		{E978C67A-29B2-46CE-915E-6049F7A4327A}.Release|x86.Build.0 = Release|Win32
	EndGlobalSection
	GlobalSection(SolutionProperties) = preSolution
		HideSolutionNode = FALSE
	EndGlobalSection
	GlobalSection(ExtensibilityGlobals) = postSolution
		SolutionGuid = {F4A496FC-BC3A-4C2D-A191-5E99176C4539}
	EndGlobalSection
EndGlobal
